// !$*UTF8*$!
{
	archiveVersion = 1;
	classes = {
	};
	objectVersion = 77;
	objects = {

/* Begin PBXContainerItemProxy section */
		176DE4D42DBBF83600D3CACB /* PBXContainerItemProxy */ = {
			isa = PBXContainerItemProxy;
			containerPortal = 176DE4BB2DBBF83400D3CACB /* Project object */;
			proxyType = 1;
			remoteGlobalIDString = 176DE4C22DBBF83400D3CACB;
			remoteInfo = Memorize;
		};
		176DE4DE2DBBF83600D3CACB /* PBXContainerItemProxy */ = {
			isa = PBXContainerItemProxy;
			containerPortal = 176DE4BB2DBBF83400D3CACB /* Project object */;
			proxyType = 1;
			remoteGlobalIDString = 176DE4C22DBBF83400D3CACB;
			remoteInfo = Memorize;
		};
/* End PBXContainerItemProxy section */

/* Begin PBXFileReference section */
		176DE4C32DBBF83400D3CACB /* Memorize.app */ = {isa = PBXFileReference; explicitFileType = wrapper.application; includeInIndex = 0; path = Memorize.app; sourceTree = BUILT_PRODUCTS_DIR; };
		176DE4D32DBBF83600D3CACB /* MemorizeTests.xctest */ = {isa = PBXFileReference; explicitFileType = wrapper.cfbundle; includeInIndex = 0; path = MemorizeTests.xctest; sourceTree = BUILT_PRODUCTS_DIR; };
		176DE4DD2DBBF83600D3CACB /* MemorizeUITests.xctest */ = {isa = PBXFileReference; explicitFileType = wrapper.cfbundle; includeInIndex = 0; path = MemorizeUITests.xctest; sourceTree = BUILT_PRODUCTS_DIR; };
/* End PBXFileReference section */

/* Begin PBXFileSystemSynchronizedRootGroup section */
		176DE4C52DBBF83400D3CACB /* Memorize */ = {
			isa = PBXFileSystemSynchronizedRootGroup;
			path = Memorize;
			sourceTree = "<group>";
		};
		176DE4D62DBBF83600D3CACB /* MemorizeTests */ = {
			isa = PBXFileSystemSynchronizedRootGroup;
			path = MemorizeTests;
			sourceTree = "<group>";
		};
		176DE4E02DBBF83600D3CACB /* MemorizeUITests */ = {
			isa = PBXFileSystemSynchronizedRootGroup;
			path = MemorizeUITests;
			sourceTree = "<group>";
		};
/* End PBXFileSystemSynchronizedRootGroup section */

/* Begin PBXFrameworksBuildPhase section */
		176DE4C02DBBF83400D3CACB /* Frameworks */ = {
			isa = PBXFrameworksBuildPhase;
			buildActionMask = 2147483647;
			files = (
			);
			runOnlyForDeploymentPostprocessing = 0;
		};
		176DE4D02DBBF83600D3CACB /* Frameworks */ = {
			isa = PBXFrameworksBuildPhase;
			buildActionMask = 2147483647;
			files = (
			);
			runOnlyForDeploymentPostprocessing = 0;
		};
		176DE4DA2DBBF83600D3CACB /* Frameworks */ = {
			isa = PBXFrameworksBuildPhase;
			buildActionMask = 2147483647;
			files = (
			);
			runOnlyForDeploymentPostprocessing = 0;
		};
/* End PBXFrameworksBuildPhase section */

/* Begin PBXGroup section */
		176DE4BA2DBBF83400D3CACB = {
			isa = PBXGroup;
			children = (
				176DE4C52DBBF83400D3CACB /* Memorize */,
				176DE4D62DBBF83600D3CACB /* MemorizeTests */,
				176DE4E02DBBF83600D3CACB /* MemorizeUITests */,
				176DE4C42DBBF83400D3CACB /* Products */,
			);
			sourceTree = "<group>";
		};
		176DE4C42DBBF83400D3CACB /* Products */ = {
			isa = PBXGroup;
			children = (
				176DE4C32DBBF83400D3CACB /* Memorize.app */,
				176DE4D32DBBF83600D3CACB /* MemorizeTests.xctest */,
				176DE4DD2DBBF83600D3CACB /* MemorizeUITests.xctest */,
			);
			name = Products;
			sourceTree = "<group>";
		};
/* End PBXGroup section */

/* Begin PBXNativeTarget section */
		176DE4C22DBBF83400D3CACB /* Memorize */ = {
			isa = PBXNativeTarget;
			buildConfigurationList = 176DE4E72DBBF83600D3CACB /* Build configuration list for PBXNativeTarget "Memorize" */;
			buildPhases = (
				176DE4BF2DBBF83400D3CACB /* Sources */,
				176DE4C02DBBF83400D3CACB /* Frameworks */,
				176DE4C12DBBF83400D3CACB /* Resources */,
			);
			buildRules = (
			);
			dependencies = (
			);
			fileSystemSynchronizedGroups = (
				176DE4C52DBBF83400D3CACB /* Memorize */,
			);
			name = Memorize;
			packageProductDependencies = (
			);
			productName = Memorize;
			productReference = 176DE4C32DBBF83400D3CACB /* Memorize.app */;
			productType = "com.apple.product-type.application";
		};
		176DE4D22DBBF83600D3CACB /* MemorizeTests */ = {
			isa = PBXNativeTarget;
			buildConfigurationList = 176DE4EA2DBBF83600D3CACB /* Build configuration list for PBXNativeTarget "MemorizeTests" */;
			buildPhases = (
				176DE4CF2DBBF83600D3CACB /* Sources */,
				176DE4D02DBBF83600D3CACB /* Frameworks */,
				176DE4D12DBBF83600D3CACB /* Resources */,
			);
			buildRules = (
			);
			dependencies = (
				176DE4D52DBBF83600D3CACB /* PBXTargetDependency */,
			);
			fileSystemSynchronizedGroups = (
				176DE4D62DBBF83600D3CACB /* MemorizeTests */,
			);
			name = MemorizeTests;
			packageProductDependencies = (
			);
			productName = MemorizeTests;
			productReference = 176DE4D32DBBF83600D3CACB /* MemorizeTests.xctest */;
			productType = "com.apple.product-type.bundle.unit-test";
		};
		176DE4DC2DBBF83600D3CACB /* MemorizeUITests */ = {
			isa = PBXNativeTarget;
			buildConfigurationList = 176DE4ED2DBBF83600D3CACB /* Build configuration list for PBXNativeTarget "MemorizeUITests" */;
			buildPhases = (
				176DE4D92DBBF83600D3CACB /* Sources */,
				176DE4DA2DBBF83600D3CACB /* Frameworks */,
				176DE4DB2DBBF83600D3CACB /* Resources */,
			);
			buildRules = (
			);
			dependencies = (
				176DE4DF2DBBF83600D3CACB /* PBXTargetDependency */,
			);
			fileSystemSynchronizedGroups = (
				176DE4E02DBBF83600D3CACB /* MemorizeUITests */,
			);
			name = MemorizeUITests;
			packageProductDependencies = (
			);
			productName = MemorizeUITests;
			productReference = 176DE4DD2DBBF83600D3CACB /* MemorizeUITests.xctest */;
			productType = "com.apple.product-type.bundle.ui-testing";
		};
/* End PBXNativeTarget section */

/* Begin PBXProject section */
		176DE4BB2DBBF83400D3CACB /* Project object */ = {
			isa = PBXProject;
			attributes = {
				BuildIndependentTargetsInParallel = 1;
				LastSwiftUpdateCheck = 1600;
				LastUpgradeCheck = 1600;
				TargetAttributes = {
					176DE4C22DBBF83400D3CACB = {
						CreatedOnToolsVersion = 16.0;
					};
					176DE4D22DBBF83600D3CACB = {
						CreatedOnToolsVersion = 16.0;
						TestTargetID = 176DE4C22DBBF83400D3CACB;
					};
					176DE4DC2DBBF83600D3CACB = {
						CreatedOnToolsVersion = 16.0;
						TestTargetID = 176DE4C22DBBF83400D3CACB;
					};
				};
			};
			buildConfigurationList = 176DE4BE2DBBF83400D3CACB /* Build configuration list for PBXProject "Memorize" */;
			developmentRegion = en;
			hasScannedForEncodings = 0;
			knownRegions = (
				en,
				Base,
			);
			mainGroup = 176DE4BA2DBBF83400D3CACB;
			minimizedProjectReferenceProxies = 1;
			preferredProjectObjectVersion = 77;
			productRefGroup = 176DE4C42DBBF83400D3CACB /* Products */;
			projectDirPath = "";
			projectRoot = "";
			targets = (
				176DE4C22DBBF83400D3CACB /* Memorize */,
				176DE4D22DBBF83600D3CACB /* MemorizeTests */,
				176DE4DC2DBBF83600D3CACB /* MemorizeUITests */,
			);
		};
/* End PBXProject section */

/* Begin PBXResourcesBuildPhase section */
		176DE4C12DBBF83400D3CACB /* Resources */ = {
			isa = PBXResourcesBuildPhase;
			buildActionMask = 2147483647;
			files = (
			);
			runOnlyForDeploymentPostprocessing = 0;
		};
		176DE4D12DBBF83600D3CACB /* Resources */ = {
			isa = PBXResourcesBuildPhase;
			buildActionMask = 2147483647;
			files = (
			);
			runOnlyForDeploymentPostprocessing = 0;
		};
		176DE4DB2DBBF83600D3CACB /* Resources */ = {
			isa = PBXResourcesBuildPhase;
			buildActionMask = 2147483647;
			files = (
			);
			runOnlyForDeploymentPostprocessing = 0;
		};
/* End PBXResourcesBuildPhase section */

/* Begin PBXSourcesBuildPhase section */
		176DE4BF2DBBF83400D3CACB /* Sources */ = {
			isa = PBXSourcesBuildPhase;
			buildActionMask = 2147483647;
			files = (
			);
			runOnlyForDeploymentPostprocessing = 0;
		};
		176DE4CF2DBBF83600D3CACB /* Sources */ = {
			isa = PBXSourcesBuildPhase;
			buildActionMask = 2147483647;
			files = (
			);
			runOnlyForDeploymentPostprocessing = 0;
		};
		176DE4D92DBBF83600D3CACB /* Sources */ = {
			isa = PBXSourcesBuildPhase;
			buildActionMask = 2147483647;
			files = (
			);
			runOnlyForDeploymentPostprocessing = 0;
		};
/* End PBXSourcesBuildPhase section */

/* Begin PBXTargetDependency section */
		176DE4D52DBBF83600D3CACB /* PBXTargetDependency */ = {
			isa = PBXTargetDependency;
			target = 176DE4C22DBBF83400D3CACB /* Memorize */;
			targetProxy = 176DE4D42DBBF83600D3CACB /* PBXContainerItemProxy */;
		};
		176DE4DF2DBBF83600D3CACB /* PBXTargetDependency */ = {
			isa = PBXTargetDependency;
			target = 176DE4C22DBBF83400D3CACB /* Memorize */;
			targetProxy = 176DE4DE2DBBF83600D3CACB /* PBXContainerItemProxy */;
		};
/* End PBXTargetDependency section */

/* Begin XCBuildConfiguration section */
		176DE4E52DBBF83600D3CACB /* Debug */ = {
			isa = XCBuildConfiguration;
			buildSettings = {
				ALWAYS_SEARCH_USER_PATHS = NO;
				ASSETCATALOG_COMPILER_GENERATE_SWIFT_ASSET_SYMBOL_EXTENSIONS = YES;
				CLANG_ANALYZER_NONNULL = YES;
				CLANG_ANALYZER_NUMBER_OBJECT_CONVERSION = YES_AGGRESSIVE;
				CLANG_CXX_LANGUAGE_STANDARD = "gnu++20";
				CLANG_ENABLE_MODULES = YES;
				CLANG_ENABLE_OBJC_ARC = YES;
				CLANG_ENABLE_OBJC_WEAK = YES;
				CLANG_WARN_BLOCK_CAPTURE_AUTORELEASING = YES;
				CLANG_WARN_BOOL_CONVERSION = YES;
				CLANG_WARN_COMMA = YES;
				CLANG_WARN_CONSTANT_CONVERSION = YES;
				CLANG_WARN_DEPRECATED_OBJC_IMPLEMENTATIONS = YES;
				CLANG_WARN_DIRECT_OBJC_ISA_USAGE = YES_ERROR;
				CLANG_WARN_DOCUMENTATION_COMMENTS = YES;
				CLANG_WARN_EMPTY_BODY = YES;
				CLANG_WARN_ENUM_CONVERSION = YES;
				CLANG_WARN_INFINITE_RECURSION = YES;
				CLANG_WARN_INT_CONVERSION = YES;
				CLANG_WARN_NON_LITERAL_NULL_CONVERSION = YES;
				CLANG_WARN_OBJC_IMPLICIT_RETAIN_SELF = YES;
				CLANG_WARN_OBJC_LITERAL_CONVERSION = YES;
				CLANG_WARN_OBJC_ROOT_CLASS = YES_ERROR;
				CLANG_WARN_QUOTED_INCLUDE_IN_FRAMEWORK_HEADER = YES;
				CLANG_WARN_RANGE_LOOP_ANALYSIS = YES;
				CLANG_WARN_STRICT_PROTOTYPES = YES;
				CLANG_WARN_SUSPICIOUS_MOVE = YES;
				CLANG_WARN_UNGUARDED_AVAILABILITY = YES_AGGRESSIVE;
				CLANG_WARN_UNREACHABLE_CODE = YES;
				CLANG_WARN__DUPLICATE_METHOD_MATCH = YES;
				COPY_PHASE_STRIP = NO;
				DEBUG_INFORMATION_FORMAT = dwarf;
				ENABLE_STRICT_OBJC_MSGSEND = YES;
				ENABLE_TESTABILITY = YES;
				ENABLE_USER_SCRIPT_SANDBOXING = YES;
				GCC_C_LANGUAGE_STANDARD = gnu17;
				GCC_DYNAMIC_NO_PIC = NO;
				GCC_NO_COMMON_BLOCKS = YES;
				GCC_OPTIMIZATION_LEVEL = 0;
				GCC_PREPROCESSOR_DEFINITIONS = (
					"DEBUG=1",
					"$(inherited)",
				);
				GCC_WARN_64_TO_32_BIT_CONVERSION = YES;
				GCC_WARN_ABOUT_RETURN_TYPE = YES_ERROR;
				GCC_WARN_UNDECLARED_SELECTOR = YES;
				GCC_WARN_UNINITIALIZED_AUTOS = YES_AGGRESSIVE;
				GCC_WARN_UNUSED_FUNCTION = YES;
				GCC_WARN_UNUSED_VARIABLE = YES;
				IPHONEOS_DEPLOYMENT_TARGET = 18.0;
				LOCALIZATION_PREFERS_STRING_CATALOGS = YES;
				MTL_ENABLE_DEBUG_INFO = INCLUDE_SOURCE;
				MTL_FAST_MATH = YES;
				ONLY_ACTIVE_ARCH = YES;
				SDKROOT = iphoneos;
				SWIFT_ACTIVE_COMPILATION_CONDITIONS = "DEBUG $(inherited)";
				SWIFT_OPTIMIZATION_LEVEL = "-Onone";
			};
			name = Debug;
		};
		176DE4E62DBBF83600D3CACB /* Release */ = {
			isa = XCBuildConfiguration;
			buildSettings = {
				ALWAYS_SEARCH_USER_PATHS = NO;
				ASSETCATALOG_COMPILER_GENERATE_SWIFT_ASSET_SYMBOL_EXTENSIONS = YES;
				CLANG_ANALYZER_NONNULL = YES;
				CLANG_ANALYZER_NUMBER_OBJECT_CONVERSION = YES_AGGRESSIVE;
				CLANG_CXX_LANGUAGE_STANDARD = "gnu++20";
				CLANG_ENABLE_MODULES = YES;
				CLANG_ENABLE_OBJC_ARC = YES;
				CLANG_ENABLE_OBJC_WEAK = YES;
				CLANG_WARN_BLOCK_CAPTURE_AUTORELEASING = YES;
				CLANG_WARN_BOOL_CONVERSION = YES;
				CLANG_WARN_COMMA = YES;
				CLANG_WARN_CONSTANT_CONVERSION = YES;
				CLANG_WARN_DEPRECATED_OBJC_IMPLEMENTATIONS = YES;
				CLANG_WARN_DIRECT_OBJC_ISA_USAGE = YES_ERROR;
				CLANG_WARN_DOCUMENTATION_COMMENTS = YES;
				CLANG_WARN_EMPTY_BODY = YES;
				CLANG_WARN_ENUM_CONVERSION = YES;
				CLANG_WARN_INFINITE_RECURSION = YES;
				CLANG_WARN_INT_CONVERSION = YES;
				CLANG_WARN_NON_LITERAL_NULL_CONVERSION = YES;
				CLANG_WARN_OBJC_IMPLICIT_RETAIN_SELF = YES;
				CLANG_WARN_OBJC_LITERAL_CONVERSION = YES;
				CLANG_WARN_OBJC_ROOT_CLASS = YES_ERROR;
				CLANG_WARN_QUOTED_INCLUDE_IN_FRAMEWORK_HEADER = YES;
				CLANG_WARN_RANGE_LOOP_ANALYSIS = YES;
				CLANG_WARN_STRICT_PROTOTYPES = YES;
				CLANG_WARN_SUSPICIOUS_MOVE = YES;
				CLANG_WARN_UNGUARDED_AVAILABILITY = YES_AGGRESSIVE;
				CLANG_WARN_UNREACHABLE_CODE = YES;
				CLANG_WARN__DUPLICATE_METHOD_MATCH = YES;
				COPY_PHASE_STRIP = NO;
				DEBUG_INFORMATION_FORMAT = "dwarf-with-dsym";
				ENABLE_NS_ASSERTIONS = NO;
				ENABLE_STRICT_OBJC_MSGSEND = YES;
				ENABLE_USER_SCRIPT_SANDBOXING = YES;
				GCC_C_LANGUAGE_STANDARD = gnu17;
				GCC_NO_COMMON_BLOCKS = YES;
				GCC_WARN_64_TO_32_BIT_CONVERSION = YES;
				GCC_WARN_ABOUT_RETURN_TYPE = YES_ERROR;
				GCC_WARN_UNDECLARED_SELECTOR = YES;
				GCC_WARN_UNINITIALIZED_AUTOS = YES_AGGRESSIVE;
				GCC_WARN_UNUSED_FUNCTION = YES;
				GCC_WARN_UNUSED_VARIABLE = YES;
				IPHONEOS_DEPLOYMENT_TARGET = 18.0;
				LOCALIZATION_PREFERS_STRING_CATALOGS = YES;
				MTL_ENABLE_DEBUG_INFO = NO;
				MTL_FAST_MATH = YES;
				SDKROOT = iphoneos;
				SWIFT_COMPILATION_MODE = wholemodule;
				VALIDATE_PRODUCT = YES;
			};
			name = Release;
		};
		176DE4E82DBBF83600D3CACB /* Debug */ = {
			isa = XCBuildConfiguration;
			buildSettings = {
				ASSETCATALOG_COMPILER_APPICON_NAME = AppIcon;
				ASSETCATALOG_COMPILER_GLOBAL_ACCENT_COLOR_NAME = AccentColor;
				CODE_SIGN_STYLE = Automatic;
				CURRENT_PROJECT_VERSION = 1;
				DEVELOPMENT_ASSET_PATHS = "\"Memorize/Preview Content\"";
				ENABLE_PREVIEWS = YES;
				GENERATE_INFOPLIST_FILE = YES;
				INFOPLIST_KEY_UIApplicationSceneManifest_Generation = YES;
				INFOPLIST_KEY_UIApplicationSupportsIndirectInputEvents = YES;
				INFOPLIST_KEY_UILaunchScreen_Generation = YES;
				INFOPLIST_KEY_UISupportedInterfaceOrientations_iPad = "UIInterfaceOrientationPortrait UIInterfaceOrientationPortraitUpsideDown UIInterfaceOrientationLandscapeLeft UIInterfaceOrientationLandscapeRight";
				INFOPLIST_KEY_UISupportedInterfaceOrientations_iPhone = "UIInterfaceOrientationPortrait UIInterfaceOrientationLandscapeLeft UIInterfaceOrientationLandscapeRight";
				IPHONEOS_DEPLOYMENT_TARGET = 15.6;
				LD_RUNPATH_SEARCH_PATHS = (
					"$(inherited)",
					"@executable_path/Frameworks",
				);
				MARKETING_VERSION = 1.0;
				PRODUCT_BUNDLE_IDENTIFIER = com.kutmanAl.Memorize;
				PRODUCT_NAME = "$(TARGET_NAME)";
				SUPPORTED_PLATFORMS = "iphoneos iphonesimulator";
				SUPPORTS_MACCATALYST = NO;
				SUPPORTS_MAC_DESIGNED_FOR_IPHONE_IPAD = NO;
				SUPPORTS_XR_DESIGNED_FOR_IPHONE_IPAD = NO;
				SWIFT_EMIT_LOC_STRINGS = YES;
				SWIFT_VERSION = 5.0;
				TARGETED_DEVICE_FAMILY = 1;
			};
			name = Debug;
		};
		176DE4E92DBBF83600D3CACB /* Release */ = {
			isa = XCBuildConfiguration;
			buildSettings = {
				ASSETCATALOG_COMPILER_APPICON_NAME = AppIcon;
				ASSETCATALOG_COMPILER_GLOBAL_ACCENT_COLOR_NAME = AccentColor;
				CODE_SIGN_STYLE = Automatic;
				CURRENT_PROJECT_VERSION = 1;
				DEVELOPMENT_ASSET_PATHS = "\"Memorize/Preview Content\"";
				ENABLE_PREVIEWS = YES;
				GENERATE_INFOPLIST_FILE = YES;
				INFOPLIST_KEY_UIApplicationSceneManifest_Generation = YES;
				INFOPLIST_KEY_UIApplicationSupportsIndirectInputEvents = YES;
				INFOPLIST_KEY_UILaunchScreen_Generation = YES;
				INFOPLIST_KEY_UISupportedInterfaceOrientations_iPad = "UIInterfaceOrientationPortrait UIInterfaceOrientationPortraitUpsideDown UIInterfaceOrientationLandscapeLeft UIInterfaceOrientationLandscapeRight";
				INFOPLIST_KEY_UISupportedInterfaceOrientations_iPhone = "UIInterfaceOrientationPortrait UIInterfaceOrientationLandscapeLeft UIInterfaceOrientationLandscapeRight";
				IPHONEOS_DEPLOYMENT_TARGET = 15.6;
				LD_RUNPATH_SEARCH_PATHS = (
					"$(inherited)",
					"@executable_path/Frameworks",
				);
				MARKETING_VERSION = 1.0;
				PRODUCT_BUNDLE_IDENTIFIER = com.kutmanAl.Memorize;
				PRODUCT_NAME = "$(TARGET_NAME)";
				SUPPORTED_PLATFORMS = "iphoneos iphonesimulator";
				SUPPORTS_MACCATALYST = NO;
				SUPPORTS_MAC_DESIGNED_FOR_IPHONE_IPAD = NO;
				SUPPORTS_XR_DESIGNED_FOR_IPHONE_IPAD = NO;
				SWIFT_EMIT_LOC_STRINGS = YES;
				SWIFT_VERSION = 5.0;
				TARGETED_DEVICE_FAMILY = 1;
			};
			name = Release;
		};
		176DE4EB2DBBF83600D3CACB /* Debug */ = {
			isa = XCBuildConfiguration;
			buildSettings = {
				BUNDLE_LOADER = "$(TEST_HOST)";
				CODE_SIGN_STYLE = Automatic;
				CURRENT_PROJECT_VERSION = 1;
				GENERATE_INFOPLIST_FILE = YES;
				IPHONEOS_DEPLOYMENT_TARGET = 18.0;
				MARKETING_VERSION = 1.0;
				PRODUCT_BUNDLE_IDENTIFIER = com.kutmanAl.MemorizeTests;
				PRODUCT_NAME = "$(TARGET_NAME)";
				SWIFT_EMIT_LOC_STRINGS = NO;
				SWIFT_VERSION = 5.0;
				TARGETED_DEVICE_FAMILY = "1,2";
				TEST_HOST = "$(BUILT_PRODUCTS_DIR)/Memorize.app/$(BUNDLE_EXECUTABLE_FOLDER_PATH)/Memorize";
			};
			name = Debug;
		};
		176DE4EC2DBBF83600D3CACB /* Release */ = {
			isa = XCBuildConfiguration;
			buildSettings = {
				BUNDLE_LOADER = "$(TEST_HOST)";
				CODE_SIGN_STYLE = Automatic;
				CURRENT_PROJECT_VERSION = 1;
				GENERATE_INFOPLIST_FILE = YES;
				IPHONEOS_DEPLOYMENT_TARGET = 18.0;
				MARKETING_VERSION = 1.0;
				PRODUCT_BUNDLE_IDENTIFIER = com.kutmanAl.MemorizeTests;
				PRODUCT_NAME = "$(TARGET_NAME)";
				SWIFT_EMIT_LOC_STRINGS = NO;
				SWIFT_VERSION = 5.0;
				TARGETED_DEVICE_FAMILY = "1,2";
				TEST_HOST = "$(BUILT_PRODUCTS_DIR)/Memorize.app/$(BUNDLE_EXECUTABLE_FOLDER_PATH)/Memorize";
			};
			name = Release;
		};
		176DE4EE2DBBF83600D3CACB /* Debug */ = {
			isa = XCBuildConfiguration;
			buildSettings = {
				CODE_SIGN_STYLE = Automatic;
				CURRENT_PROJECT_VERSION = 1;
				GENERATE_INFOPLIST_FILE = YES;
				MARKETING_VERSION = 1.0;
				PRODUCT_BUNDLE_IDENTIFIER = com.kutmanAl.MemorizeUITests;
				PRODUCT_NAME = "$(TARGET_NAME)";
				SWIFT_EMIT_LOC_STRINGS = NO;
				SWIFT_VERSION = 5.0;
				TARGETED_DEVICE_FAMILY = "1,2";
				TEST_TARGET_NAME = Memorize;
			};
			name = Debug;
		};
		176DE4EF2DBBF83600D3CACB /* Release */ = {
			isa = XCBuildConfiguration;
			buildSettings = {
				CODE_SIGN_STYLE = Automatic;
				CURRENT_PROJECT_VERSION = 1;
				GENERATE_INFOPLIST_FILE = YES;
				MARKETING_VERSION = 1.0;
				PRODUCT_BUNDLE_IDENTIFIER = com.kutmanAl.MemorizeUITests;
				PRODUCT_NAME = "$(TARGET_NAME)";
				SWIFT_EMIT_LOC_STRINGS = NO;
				SWIFT_VERSION = 5.0;
				TARGETED_DEVICE_FAMILY = "1,2";
				TEST_TARGET_NAME = Memorize;
			};
			name = Release;
		};
/* End XCBuildConfiguration section */

/* Begin XCConfigurationList section */
		176DE4BE2DBBF83400D3CACB /* Build configuration list for PBXProject "Memorize" */ = {
			isa = XCConfigurationList;
			buildConfigurations = (
				176DE4E52DBBF83600D3CACB /* Debug */,
				176DE4E62DBBF83600D3CACB /* Release */,
			);
			defaultConfigurationIsVisible = 0;
			defaultConfigurationName = Release;
		};
		176DE4E72DBBF83600D3CACB /* Build configuration list for PBXNativeTarget "Memorize" */ = {
			isa = XCConfigurationList;
			buildConfigurations = (
				176DE4E82DBBF83600D3CACB /* Debug */,
				176DE4E92DBBF83600D3CACB /* Release */,
			);
			defaultConfigurationIsVisible = 0;
			defaultConfigurationName = Release;
		};
		176DE4EA2DBBF83600D3CACB /* Build configuration list for PBXNativeTarget "MemorizeTests" */ = {
			isa = XCConfigurationList;
			buildConfigurations = (
				176DE4EB2DBBF83600D3CACB /* Debug */,
				176DE4EC2DBBF83600D3CACB /* Release */,
			);
			defaultConfigurationIsVisible = 0;
			defaultConfigurationName = Release;
		};
		176DE4ED2DBBF83600D3CACB /* Build configuration list for PBXNativeTarget "MemorizeUITests" */ = {
			isa = XCConfigurationList;
			buildConfigurations = (
				176DE4EE2DBBF83600D3CACB /* Debug */,
				176DE4EF2DBBF83600D3CACB /* Release */,
			);
			defaultConfigurationIsVisible = 0;
			defaultConfigurationName = Release;
		};
/* End XCConfigurationList section */
	};
	rootObject = 176DE4BB2DBBF83400D3CACB /* Project object */;
}
